
Microsoft Visual Studio Solution File, Format Version 12.00
# Visual Studio 14
VisualStudioVersion = 14.0.24720.0
MinimumVisualStudioVersion = 10.0.40219.1
Project("{FAE04EC0-301F-11D3-BF4B-00C04F79EFBC}") = "Lab08", "Lab08\Lab08.csproj", "{3AEE4684-A274-4F95-9362-05810894A0EF}"
EndProject
Project("{FAE04EC0-301F-11D3-BF4B-00C04F79EFBC}") = "TeamCodeChallenge", "TeamCodeChallenge\TeamCodeChallenge.csproj", "{61A80554-61CF-4F9C-8CD6-35E198247A46}"
EndProject
Project("{FAE04EC0-301F-11D3-BF4B-00C04F79EFBC}") = "UnitTestProject1", "UnitTestProject1\UnitTestProject1.csproj", "{01D028AC-42C9-4FD7-9B83-4DEB534ECE1B}"
EndProject
Project("{FAE04EC0-301F-11D3-BF4B-00C04F79EFBC}") = "Lab08_2", "Lab08_2\Lab08_2.csproj", "{369C21EE-B937-4E5B-ADF6-82A2ADF88402}"
EndProject
Project("{FAE04EC0-301F-11D3-BF4B-00C04F79EFBC}") = "Lab08_3", "Lab08_3\Lab08_3.csproj", "{991ED4A6-B134-4A4F-8682-D432B8A1BCE9}"
EndProject
Project("{FAE04EC0-301F-11D3-BF4B-00C04F79EFBC}") = "Lab8", "Lab8\Lab8\Lab8.csproj", "{8EAB6E6E-DDB7-40F4-A2B8-6BA137B6F93E}"
EndProject
Global
	GlobalSection(SolutionConfigurationPlatforms) = preSolution
		Debug|Any CPU = Debug|Any CPU
		Release|Any CPU = Release|Any CPU
	EndGlobalSection
	GlobalSection(ProjectConfigurationPlatforms) = postSolution
		{3AEE4684-A274-4F95-9362-05810894A0EF}.Debug|Any CPU.ActiveCfg = Debug|Any CPU
		{3AEE4684-A274-4F95-9362-05810894A0EF}.Debug|Any CPU.Build.0 = Debug|Any CPU
		{3AEE4684-A274-4F95-9362-05810894A0EF}.Release|Any CPU.ActiveCfg = Release|Any CPU
		{3AEE4684-A274-4F95-9362-05810894A0EF}.Release|Any CPU.Build.0 = Release|Any CPU
		{61A80554-61CF-4F9C-8CD6-35E198247A46}.Debug|Any CPU.ActiveCfg = Debug|Any CPU
		{61A80554-61CF-4F9C-8CD6-35E198247A46}.Debug|Any CPU.Build.0 = Debug|Any CPU
		{61A80554-61CF-4F9C-8CD6-35E198247A46}.Release|Any CPU.ActiveCfg = Release|Any CPU
		{61A80554-61CF-4F9C-8CD6-35E198247A46}.Release|Any CPU.Build.0 = Release|Any CPU
		{01D028AC-42C9-4FD7-9B83-4DEB534ECE1B}.Debug|Any CPU.ActiveCfg = Debug|Any CPU
		{01D028AC-42C9-4FD7-9B83-4DEB534ECE1B}.Debug|Any CPU.Build.0 = Debug|Any CPU
		{01D028AC-42C9-4FD7-9B83-4DEB534ECE1B}.Release|Any CPU.ActiveCfg = Release|Any CPU
		{01D028AC-42C9-4FD7-9B83-4DEB534ECE1B}.Release|Any CPU.Build.0 = Release|Any CPU
		{369C21EE-B937-4E5B-ADF6-82A2ADF88402}.Debug|Any CPU.ActiveCfg = Debug|Any CPU
		{369C21EE-B937-4E5B-ADF6-82A2ADF88402}.Debug|Any CPU.Build.0 = Debug|Any CPU
		{369C21EE-B937-4E5B-ADF6-82A2ADF88402}.Release|Any CPU.ActiveCfg = Release|Any CPU
		{369C21EE-B937-4E5B-ADF6-82A2ADF88402}.Release|Any CPU.Build.0 = Release|Any CPU
		{991ED4A6-B134-4A4F-8682-D432B8A1BCE9}.Debug|Any CPU.ActiveCfg = Debug|Any CPU
		{991ED4A6-B134-4A4F-8682-D432B8A1BCE9}.Debug|Any CPU.Build.0 = Debug|Any CPU
		{991ED4A6-B134-4A4F-8682-D432B8A1BCE9}.Release|Any CPU.ActiveCfg = Release|Any CPU
		{991ED4A6-B134-4A4F-8682-D432B8A1BCE9}.Release|Any CPU.Build.0 = Release|Any CPU
		{8EAB6E6E-DDB7-40F4-A2B8-6BA137B6F93E}.Debug|Any CPU.ActiveCfg = Debug|Any CPU
		{8EAB6E6E-DDB7-40F4-A2B8-6BA137B6F93E}.Debug|Any CPU.Build.0 = Debug|Any CPU
		{8EAB6E6E-DDB7-40F4-A2B8-6BA137B6F93E}.Release|Any CPU.ActiveCfg = Release|Any CPU
		{8EAB6E6E-DDB7-40F4-A2B8-6BA137B6F93E}.Release|Any CPU.Build.0 = Release|Any CPU
	EndGlobalSection
	GlobalSection(SolutionProperties) = preSolution
		HideSolutionNode = FALSE
	EndGlobalSection
EndGlobal
